
Microsoft Visual Studio Solution File, Format Version 12.00
# Visual Studio Version 16
VisualStudioVersion = 16.0.30717.126
MinimumVisualStudioVersion = 10.0.40219.1
Project("{FAE04EC0-301F-11D3-BF4B-00C04F79EFBC}") = "TodoAppWithSignalR", "TodoAppWithSignalR.csproj", "{4DB3D357-E654-4DBD-89C9-35B2BA1FB9A0}"
EndProject
Global
	GlobalSection(SolutionConfigurationPlatforms) = preSolution
		Debug|Any CPU = Debug|Any CPU
		Release|Any CPU = Release|Any CPU
	EndGlobalSection
	GlobalSection(ProjectConfigurationPlatforms) = postSolution
		{4DB3D357-E654-4DBD-89C9-35B2BA1FB9A0}.Debug|Any CPU.ActiveCfg = Debug|Any CPU
		{4DB3D357-E654-4DBD-89C9-35B2BA1FB9A0}.Debug|Any CPU.Build.0 = Debug|Any CPU
		{4DB3D357-E654-4DBD-89C9-35B2BA1FB9A0}.Release|Any CPU.ActiveCfg = Release|Any CPU
		{4DB3D357-E654-4DBD-89C9-35B2BA1FB9A0}.Release|Any CPU.Build.0 = Release|Any CPU
	EndGlobalSection
	GlobalSection(SolutionProperties) = preSolution
		HideSolutionNode = FALSE
	EndGlobalSection
	GlobalSection(ExtensibilityGlobals) = postSolution
		SolutionGuid = {FD5923AA-BFA5-40E0-BBB6-1D76CC5185DB}
	EndGlobalSection
EndGlobal
